// !$*UTF8*$!
{
	archiveVersion = 1;
	classes = {
	};
	objectVersion = 46;
	objects = {

/* Begin PBXBuildFile section */
		4CCEF5AD1CB6D1660059017C /* AppDelegate.swift in Sources */ = {isa = PBXBuildFile; fileRef = 4CCEF5AC1CB6D1660059017C /* AppDelegate.swift */; };
		4CCEF5AF1CB6D1660059017C /* ViewController.swift in Sources */ = {isa = PBXBuildFile; fileRef = 4CCEF5AE1CB6D1660059017C /* ViewController.swift */; };
		4CCEF5B21CB6D1660059017C /* Main.storyboard in Resources */ = {isa = PBXBuildFile; fileRef = 4CCEF5B01CB6D1660059017C /* Main.storyboard */; };
		4CCEF5B51CB6D1660059017C /* Walking_Application.xcdatamodeld in Sources */ = {isa = PBXBuildFile; fileRef = 4CCEF5B31CB6D1660059017C /* Walking_Application.xcdatamodeld */; };
		4CCEF5B71CB6D1660059017C /* Assets.xcassets in Resources */ = {isa = PBXBuildFile; fileRef = 4CCEF5B61CB6D1660059017C /* Assets.xcassets */; };
		4CCEF5BA1CB6D1660059017C /* LaunchScreen.storyboard in Resources */ = {isa = PBXBuildFile; fileRef = 4CCEF5B81CB6D1660059017C /* LaunchScreen.storyboard */; };
		CD10785B1CCC530A00225D37 /* JourneyListViewController.swift in Sources */ = {isa = PBXBuildFile; fileRef = CD10785A1CCC530A00225D37 /* JourneyListViewController.swift */; };
		CD10785D1CCC534000225D37 /* PassportViewController.swift in Sources */ = {isa = PBXBuildFile; fileRef = CD10785C1CCC534000225D37 /* PassportViewController.swift */; };
		CDE033C21CD15F3F0003C9F0 /* JourneyViewController.swift in Sources */ = {isa = PBXBuildFile; fileRef = CDE033C11CD15F3F0003C9F0 /* JourneyViewController.swift */; };
		CDE033C41CD15F5F0003C9F0 /* PassportJourneyViewController.swift in Sources */ = {isa = PBXBuildFile; fileRef = CDE033C31CD15F5F0003C9F0 /* PassportJourneyViewController.swift */; };
		CDFCE24E1CCFE2210027FC8B /* HealthKitManager.swift in Sources */ = {isa = PBXBuildFile; fileRef = CDFCE24D1CCFE2210027FC8B /* HealthKitManager.swift */; };
/* End PBXBuildFile section */

/* Begin PBXFileReference section */
		4CCEF5A91CB6D1650059017C /* Walking Application.app */ = {isa = PBXFileReference; explicitFileType = wrapper.application; includeInIndex = 0; path = "Walking Application.app"; sourceTree = BUILT_PRODUCTS_DIR; };
		4CCEF5AC1CB6D1660059017C /* AppDelegate.swift */ = {isa = PBXFileReference; lastKnownFileType = sourcecode.swift; path = AppDelegate.swift; sourceTree = "<group>"; };
		4CCEF5AE1CB6D1660059017C /* ViewController.swift */ = {isa = PBXFileReference; lastKnownFileType = sourcecode.swift; path = ViewController.swift; sourceTree = "<group>"; };
		4CCEF5B11CB6D1660059017C /* Base */ = {isa = PBXFileReference; lastKnownFileType = file.storyboard; name = Base; path = Base.lproj/Main.storyboard; sourceTree = "<group>"; };
		4CCEF5B41CB6D1660059017C /* Walking_Application.xcdatamodel */ = {isa = PBXFileReference; lastKnownFileType = wrapper.xcdatamodel; path = Walking_Application.xcdatamodel; sourceTree = "<group>"; };
		4CCEF5B61CB6D1660059017C /* Assets.xcassets */ = {isa = PBXFileReference; lastKnownFileType = folder.assetcatalog; path = Assets.xcassets; sourceTree = "<group>"; };
		4CCEF5B91CB6D1660059017C /* Base */ = {isa = PBXFileReference; lastKnownFileType = file.storyboard; name = Base; path = Base.lproj/LaunchScreen.storyboard; sourceTree = "<group>"; };
		4CCEF5BB1CB6D1660059017C /* Info.plist */ = {isa = PBXFileReference; lastKnownFileType = text.plist.xml; path = Info.plist; sourceTree = "<group>"; };
		CD10785A1CCC530A00225D37 /* JourneyListViewController.swift */ = {isa = PBXFileReference; fileEncoding = 4; lastKnownFileType = sourcecode.swift; path = JourneyListViewController.swift; sourceTree = "<group>"; };
		CD10785C1CCC534000225D37 /* PassportViewController.swift */ = {isa = PBXFileReference; fileEncoding = 4; lastKnownFileType = sourcecode.swift; path = PassportViewController.swift; sourceTree = "<group>"; };
		CDE033C11CD15F3F0003C9F0 /* JourneyViewController.swift */ = {isa = PBXFileReference; fileEncoding = 4; lastKnownFileType = sourcecode.swift; path = JourneyViewController.swift; sourceTree = "<group>"; };
		CDE033C31CD15F5F0003C9F0 /* PassportJourneyViewController.swift */ = {isa = PBXFileReference; fileEncoding = 4; lastKnownFileType = sourcecode.swift; path = PassportJourneyViewController.swift; sourceTree = "<group>"; };
		CDFCE24D1CCFE2210027FC8B /* HealthKitManager.swift */ = {isa = PBXFileReference; fileEncoding = 4; lastKnownFileType = sourcecode.swift; path = HealthKitManager.swift; sourceTree = "<group>"; };
/* End PBXFileReference section */

/* Begin PBXFrameworksBuildPhase section */
		4CCEF5A61CB6D1650059017C /* Frameworks */ = {
			isa = PBXFrameworksBuildPhase;
			buildActionMask = 2147483647;
			files = (
			);
			runOnlyForDeploymentPostprocessing = 0;
		};
/* End PBXFrameworksBuildPhase section */

/* Begin PBXGroup section */
		4CCEF5A01CB6D1650059017C = {
			isa = PBXGroup;
			children = (
				4CCEF5AB1CB6D1660059017C /* Walking Application */,
				4CCEF5AA1CB6D1650059017C /* Products */,
			);
			sourceTree = "<group>";
		};
		4CCEF5AA1CB6D1650059017C /* Products */ = {
			isa = PBXGroup;
			children = (
				4CCEF5A91CB6D1650059017C /* Walking Application.app */,
			);
			name = Products;
			sourceTree = "<group>";
		};
		4CCEF5AB1CB6D1660059017C /* Walking Application */ = {
			isa = PBXGroup;
			children = (
				4CCEF5AC1CB6D1660059017C /* AppDelegate.swift */,
				CDFCE24D1CCFE2210027FC8B /* HealthKitManager.swift */,
				4CCEF5AE1CB6D1660059017C /* ViewController.swift */,
				4CCEF5B01CB6D1660059017C /* Main.storyboard */,
				CDE033C31CD15F5F0003C9F0 /* PassportJourneyViewController.swift */,
				CDE033C11CD15F3F0003C9F0 /* JourneyViewController.swift */,
				CD10785C1CCC534000225D37 /* PassportViewController.swift */,
				CD10785A1CCC530A00225D37 /* JourneyListViewController.swift */,
				4CCEF5B61CB6D1660059017C /* Assets.xcassets */,
				4CCEF5B81CB6D1660059017C /* LaunchScreen.storyboard */,
				4CCEF5BB1CB6D1660059017C /* Info.plist */,
				4CCEF5B31CB6D1660059017C /* Walking_Application.xcdatamodeld */,
			);
			path = "Walking Application";
			sourceTree = "<group>";
		};
/* End PBXGroup section */

/* Begin PBXNativeTarget section */
		4CCEF5A81CB6D1650059017C /* Walking Application */ = {
			isa = PBXNativeTarget;
			buildConfigurationList = 4CCEF5BE1CB6D1660059017C /* Build configuration list for PBXNativeTarget "Walking Application" */;
			buildPhases = (
				4CCEF5A51CB6D1650059017C /* Sources */,
				4CCEF5A61CB6D1650059017C /* Frameworks */,
				4CCEF5A71CB6D1650059017C /* Resources */,
			);
			buildRules = (
			);
			dependencies = (
			);
			name = "Walking Application";
			productName = "Walking Application";
			productReference = 4CCEF5A91CB6D1650059017C /* Walking Application.app */;
			productType = "com.apple.product-type.application";
		};
/* End PBXNativeTarget section */

/* Begin PBXProject section */
		4CCEF5A11CB6D1650059017C /* Project object */ = {
			isa = PBXProject;
			attributes = {
				LastSwiftUpdateCheck = 0730;
				LastUpgradeCheck = 0730;
				ORGANIZATIONNAME = "Walking Team A";
				TargetAttributes = {
					4CCEF5A81CB6D1650059017C = {
						CreatedOnToolsVersion = 7.3;
						DevelopmentTeam = 6SDDW65UGG;
					};
				};
			};
			buildConfigurationList = 4CCEF5A41CB6D1650059017C /* Build configuration list for PBXProject "Walking Application" */;
			compatibilityVersion = "Xcode 3.2";
			developmentRegion = English;
			hasScannedForEncodings = 0;
			knownRegions = (
				en,
				Base,
			);
			mainGroup = 4CCEF5A01CB6D1650059017C;
			productRefGroup = 4CCEF5AA1CB6D1650059017C /* Products */;
			projectDirPath = "";
			projectRoot = "";
			targets = (
				4CCEF5A81CB6D1650059017C /* Walking Application */,
			);
		};
/* End PBXProject section */

/* Begin PBXResourcesBuildPhase section */
		4CCEF5A71CB6D1650059017C /* Resources */ = {
			isa = PBXResourcesBuildPhase;
			buildActionMask = 2147483647;
			files = (
				4CCEF5BA1CB6D1660059017C /* LaunchScreen.storyboard in Resources */,
				4CCEF5B71CB6D1660059017C /* Assets.xcassets in Resources */,
				4CCEF5B21CB6D1660059017C /* Main.storyboard in Resources */,
			);
			runOnlyForDeploymentPostprocessing = 0;
		};
/* End PBXResourcesBuildPhase section */

/* Begin PBXSourcesBuildPhase section */
		4CCEF5A51CB6D1650059017C /* Sources */ = {
			isa = PBXSourcesBuildPhase;
			buildActionMask = 2147483647;
			files = (
				4CCEF5AF1CB6D1660059017C /* ViewController.swift in Sources */,
				CDE033C21CD15F3F0003C9F0 /* JourneyViewController.swift in Sources */,
				CD10785B1CCC530A00225D37 /* JourneyListViewController.swift in Sources */,
				CDFCE24E1CCFE2210027FC8B /* HealthKitManager.swift in Sources */,
				CD10785D1CCC534000225D37 /* PassportViewController.swift in Sources */,
				CDE033C41CD15F5F0003C9F0 /* PassportJourneyViewController.swift in Sources */,
				4CCEF5AD1CB6D1660059017C /* AppDelegate.swift in Sources */,
				4CCEF5B51CB6D1660059017C /* Walking_Application.xcdatamodeld in Sources */,
			);
			runOnlyForDeploymentPostprocessing = 0;
		};
/* End PBXSourcesBuildPhase section */

/* Begin PBXVariantGroup section */
		4CCEF5B01CB6D1660059017C /* Main.storyboard */ = {
			isa = PBXVariantGroup;
			children = (
				4CCEF5B11CB6D1660059017C /* Base */,
			);
			name = Main.storyboard;
			sourceTree = "<group>";
		};
		4CCEF5B81CB6D1660059017C /* LaunchScreen.storyboard */ = {
			isa = PBXVariantGroup;
			children = (
				4CCEF5B91CB6D1660059017C /* Base */,
			);
			name = LaunchScreen.storyboard;
			sourceTree = "<group>";
		};
/* End PBXVariantGroup section */

/* Begin XCBuildConfiguration section */
		4CCEF5BC1CB6D1660059017C /* Debug */ = {
			isa = XCBuildConfiguration;
			buildSettings = {
				ALWAYS_SEARCH_USER_PATHS = NO;
				CLANG_ANALYZER_NONNULL = YES;
				CLANG_CXX_LANGUAGE_STANDARD = "gnu++0x";
				CLANG_CXX_LIBRARY = "libc++";
				CLANG_ENABLE_MODULES = YES;
				CLANG_ENABLE_OBJC_ARC = YES;
				CLANG_WARN_BOOL_CONVERSION = YES;
				CLANG_WARN_CONSTANT_CONVERSION = YES;
				CLANG_WARN_DIRECT_OBJC_ISA_USAGE = YES_ERROR;
				CLANG_WARN_EMPTY_BODY = YES;
				CLANG_WARN_ENUM_CONVERSION = YES;
				CLANG_WARN_INT_CONVERSION = YES;
				CLANG_WARN_OBJC_ROOT_CLASS = YES_ERROR;
				CLANG_WARN_UNREACHABLE_CODE = YES;
				CLANG_WARN__DUPLICATE_METHOD_MATCH = YES;
				"CODE_SIGN_IDENTITY[sdk=iphoneos*]" = "iPhone Developer";
				COPY_PHASE_STRIP = NO;
				DEBUG_INFORMATION_FORMAT = dwarf;
				ENABLE_STRICT_OBJC_MSGSEND = YES;
				ENABLE_TESTABILITY = YES;
				GCC_C_LANGUAGE_STANDARD = gnu99;
				GCC_DYNAMIC_NO_PIC = NO;
				GCC_NO_COMMON_BLOCKS = YES;
				GCC_OPTIMIZATION_LEVEL = 0;
				GCC_PREPROCESSOR_DEFINITIONS = (
					"DEBUG=1",
					"$(inherited)",
				);
				GCC_WARN_64_TO_32_BIT_CONVERSION = YES;
				GCC_WARN_ABOUT_RETURN_TYPE = YES_ERROR;
				GCC_WARN_UNDECLARED_SELECTOR = YES;
				GCC_WARN_UNINITIALIZED_AUTOS = YES_AGGRESSIVE;
				GCC_WARN_UNUSED_FUNCTION = YES;
				GCC_WARN_UNUSED_VARIABLE = YES;
				IPHONEOS_DEPLOYMENT_TARGET = 9.3;
				MTL_ENABLE_DEBUG_INFO = YES;
				ONLY_ACTIVE_ARCH = YES;
				SDKROOT = iphoneos;
				SWIFT_OPTIMIZATION_LEVEL = "-Onone";
				TARGETED_DEVICE_FAMILY = "1,2";
			};
			name = Debug;
		};
		4CCEF5BD1CB6D1660059017C /* Release */ = {
			isa = XCBuildConfiguration;
			buildSettings = {
				ALWAYS_SEARCH_USER_PATHS = NO;
				CLANG_ANALYZER_NONNULL = YES;
				CLANG_CXX_LANGUAGE_STANDARD = "gnu++0x";
				CLANG_CXX_LIBRARY = "libc++";
				CLANG_ENABLE_MODULES = YES;
				CLANG_ENABLE_OBJC_ARC = YES;
				CLANG_WARN_BOOL_CONVERSION = YES;
				CLANG_WARN_CONSTANT_CONVERSION = YES;
				CLANG_WARN_DIRECT_OBJC_ISA_USAGE = YES_ERROR;
				CLANG_WARN_EMPTY_BODY = YES;
				CLANG_WARN_ENUM_CONVERSION = YES;
				CLANG_WARN_INT_CONVERSION = YES;
				CLANG_WARN_OBJC_ROOT_CLASS = YES_ERROR;
				CLANG_WARN_UNREACHABLE_CODE = YES;
				CLANG_WARN__DUPLICATE_METHOD_MATCH = YES;
				"CODE_SIGN_IDENTITY[sdk=iphoneos*]" = "iPhone Developer";
				COPY_PHASE_STRIP = NO;
				DEBUG_INFORMATION_FORMAT = "dwarf-with-dsym";
				ENABLE_NS_ASSERTIONS = NO;
				ENABLE_STRICT_OBJC_MSGSEND = YES;
				GCC_C_LANGUAGE_STANDARD = gnu99;
				GCC_NO_COMMON_BLOCKS = YES;
				GCC_WARN_64_TO_32_BIT_CONVERSION = YES;
				GCC_WARN_ABOUT_RETURN_TYPE = YES_ERROR;
				GCC_WARN_UNDECLARED_SELECTOR = YES;
				GCC_WARN_UNINITIALIZED_AUTOS = YES_AGGRESSIVE;
				GCC_WARN_UNUSED_FUNCTION = YES;
				GCC_WARN_UNUSED_VARIABLE = YES;
				IPHONEOS_DEPLOYMENT_TARGET = 9.3;
				MTL_ENABLE_DEBUG_INFO = NO;
				SDKROOT = iphoneos;
				TARGETED_DEVICE_FAMILY = "1,2";
				VALIDATE_PRODUCT = YES;
			};
			name = Release;
		};
		4CCEF5BF1CB6D1660059017C /* Debug */ = {
			isa = XCBuildConfiguration;
			buildSettings = {
				ASSETCATALOG_COMPILER_APPICON_NAME = AppIcon;
				CODE_SIGN_IDENTITY = "iPhone Developer";
				"CODE_SIGN_IDENTITY[sdk=iphoneos*]" = "iPhone Developer";
				INFOPLIST_FILE = "Walking Application/Info.plist";
				LD_RUNPATH_SEARCH_PATHS = "$(inherited) @executable_path/Frameworks";
				PRODUCT_BUNDLE_IDENTIFIER = "edu.missouri.cs.Walking-Application";
				PRODUCT_NAME = "$(TARGET_NAME)";
				PROVISIONING_PROFILE = "";
			};
			name = Debug;
		};
		4CCEF5C01CB6D1660059017C /* Release */ = {
			isa = XCBuildConfiguration;
			buildSettings = {
				ASSETCATALOG_COMPILER_APPICON_NAME = AppIcon;
				CODE_SIGN_IDENTITY = "iPhone Developer";
				"CODE_SIGN_IDENTITY[sdk=iphoneos*]" = "iPhone Developer";
				INFOPLIST_FILE = "Walking Application/Info.plist";
				LD_RUNPATH_SEARCH_PATHS = "$(inherited) @executable_path/Frameworks";
				PRODUCT_BUNDLE_IDENTIFIER = "edu.missouri.cs.Walking-Application";
				PRODUCT_NAME = "$(TARGET_NAME)";
				PROVISIONING_PROFILE = "";
			};
			name = Release;
		};
/* End XCBuildConfiguration section */

/* Begin XCConfigurationList section */
		4CCEF5A41CB6D1650059017C /* Build configuration list for PBXProject "Walking Application" */ = {
			isa = XCConfigurationList;
			buildConfigurations = (
				4CCEF5BC1CB6D1660059017C /* Debug */,
				4CCEF5BD1CB6D1660059017C /* Release */,
			);
			defaultConfigurationIsVisible = 0;
			defaultConfigurationName = Release;
		};
		4CCEF5BE1CB6D1660059017C /* Build configuration list for PBXNativeTarget "Walking Application" */ = {
			isa = XCConfigurationList;
			buildConfigurations = (
				4CCEF5BF1CB6D1660059017C /* Debug */,
				4CCEF5C01CB6D1660059017C /* Release */,
			);
			defaultConfigurationIsVisible = 0;
			defaultConfigurationName = Release;
		};
/* End XCConfigurationList section */

/* Begin XCVersionGroup section */
		4CCEF5B31CB6D1660059017C /* Walking_Application.xcdatamodeld */ = {
			isa = XCVersionGroup;
			children = (
				4CCEF5B41CB6D1660059017C /* Walking_Application.xcdatamodel */,
			);
			currentVersion = 4CCEF5B41CB6D1660059017C /* Walking_Application.xcdatamodel */;
			path = Walking_Application.xcdatamodeld;
			sourceTree = "<group>";
			versionGroupType = wrapper.xcdatamodel;
		};
/* End XCVersionGroup section */
	};
	rootObject = 4CCEF5A11CB6D1650059017C /* Project object */;
}
